{
  "name": "static",
  "version": "1.0.0",
  "lockfileVersion": 1,
  "requires": true,
  "dependencies": {
    "bootstrap": {
      "version": "3.4.0",
      "resolved": "https://registry.npmjs.org/bootstrap/-/bootstrap-3.4.0.tgz",
      "integrity": "sha512-F1yTDO9OHKH0xjl03DsOe8Nu1OWBIeAugGMhy3UTIYDdbbIPesQIhCEbj+HEr6wqlwweGAlP8F3OBC6kEuhFuw=="
    },
    "bootstrap-datepicker": {
      "version": "1.8.0",
      "resolved": "https://registry.npmjs.org/bootstrap-datepicker/-/bootstrap-datepicker-1.8.0.tgz",
      "integrity": "sha512-213St/G8KT3mjs4qu4qwww74KWysMaIeqgq5OhrboZjIjemIpyuxlSo9FNNI5+KzpkkxkRRba+oewiRGV42B1A==",
      "requires": {
        "jquery": ">=1.7.1 <4.0.0"
      }
    },
    "bootstrap-table": {
      "version": "1.13.2",
      "resolved": "https://registry.npmjs.org/bootstrap-table/-/bootstrap-table-1.13.2.tgz",
      "integrity": "sha512-+13qzNWVUMJZBwl5+lJ4kkDVWd3LToJ8eIIF3mps5jVUIUguyjCDo6GCZn3CXX0I4NIBLp0t1aCAK4R86kqbHg=="
    },
    "bootstrap-year-calendar": {
      "version": "1.1.1",
      "resolved": "https://registry.npmjs.org/bootstrap-year-calendar/-/bootstrap-year-calendar-1.1.1.tgz",
      "integrity": "sha1-OmMrENn5fTCFDF4UGpT1lnNotjM=",
      "requires": {
        "bootstrap": ">=3.1.1",
        "jquery": ">=1.8.2"
      }
    },
    "jquery": {
      "version": "3.3.1",
      "resolved": "https://registry.npmjs.org/jquery/-/jquery-3.3.1.tgz",
      "integrity": "sha512-Ubldcmxp5np52/ENotGxlLe6aGMvmF4R8S6tZjsP6Knsaxd/xp3Zrh50cG93lR6nPXyUFwzN3ZSOQI0wRJNdGg=="
    },
    "popper.js": {
      "version": "1.14.6",
      "resolved": "https://registry.npmjs.org/popper.js/-/popper.js-1.14.6.tgz",
      "integrity": "sha512-AGwHGQBKumlk/MDfrSOf0JHhJCImdDMcGNoqKmKkU+68GFazv3CQ6q9r7Ja1sKDZmYWTckY/uLyEznheTDycnA=="
    }
  }
}
